
Microsoft Visual Studio Solution File, Format Version 12.00
# Visual Studio Version 17
VisualStudioVersion = 17.0.31903.59
MinimumVisualStudioVersion = 10.0.40219.1
Project("{2150E333-8FDC-42A3-9474-1A3956D46DE8}") = "API", "API", "{177F004A-E247-4C1A-85B4-77F0F1104171}"
EndProject
Project("{FAE04EC0-301F-11D3-BF4B-00C04F79EFBC}") = "SIGEBI.Api", "API\SIGEBI.Api\SIGEBI.Api.csproj", "{3EC1EEBA-5302-43BC-B6D2-89C8921F047D}"
EndProject
Project("{2150E333-8FDC-42A3-9474-1A3956D46DE8}") = "Application", "Application", "{728D143B-8907-4723-9A37-9D87312279AD}"
EndProject
Project("{FAE04EC0-301F-11D3-BF4B-00C04F79EFBC}") = "SIGEBI.Application", "Application\SIGEBI.Application\SIGEBI.Application.csproj", "{6711C7B2-037F-4BCD-A074-9168142608EB}"
EndProject
Project("{2150E333-8FDC-42A3-9474-1A3956D46DE8}") = "Core", "Core", "{3ED6BD93-CDBD-4E80-9A75-2ACAD400FE6B}"
EndProject
Project("{FAE04EC0-301F-11D3-BF4B-00C04F79EFBC}") = "SIGEBI.Domain", "Core\SIGEBI.Domain\SIGEBI.Domain.csproj", "{0E2E0808-288E-4FF5-9504-A426F5C9B33C}"
EndProject
Project("{FAE04EC0-301F-11D3-BF4B-00C04F79EFBC}") = "SIGEBI.Model", "Core\SIGEBI.Model\SIGEBI.Model.csproj", "{B3155ACD-7D51-48E0-893D-4FFFFA9EC89E}"
EndProject
Project("{2150E333-8FDC-42A3-9474-1A3956D46DE8}") = "Infrastructure", "Infrastructure", "{0C94967B-AB1E-4F4A-A75D-B8B192C80E5A}"
EndProject
Project("{FAE04EC0-301F-11D3-BF4B-00C04F79EFBC}") = "SIGEBI.Infrastructure", "Infrastructure\SIGEBI.Infrastructure\SIGEBI.Infrastructure.csproj", "{6B85AD35-4999-417C-91B6-17421BCA1C0F}"
EndProject
Project("{FAE04EC0-301F-11D3-BF4B-00C04F79EFBC}") = "SIGEBI.Persistence", "Infrastructure\SIGEBI.Persistence\SIGEBI.Persistence.csproj", "{1B1E8E80-BFFC-4ED1-BE9E-C329145587FA}"
EndProject
Project("{2150E333-8FDC-42A3-9474-1A3956D46DE8}") = "IOC", "IOC", "{48BAF60C-87A7-453F-8AEA-A8F03E21A4F6}"
EndProject
Project("{FAE04EC0-301F-11D3-BF4B-00C04F79EFBC}") = "SIGEBI.IOC", "IOC\SIGEBI.IOC\SIGEBI.IOC.csproj", "{CA0F6EA9-CCC0-4C13-A91C-4050F25A3B7C}"
EndProject
Project("{2150E333-8FDC-42A3-9474-1A3956D46DE8}") = "Test", "Test", "{9FABB6AC-537B-4D6F-A748-B325BB9549AE}"
EndProject
Project("{FAE04EC0-301F-11D3-BF4B-00C04F79EFBC}") = "SIGEBI.Application.Test", "Test\SIGEBI.Application.Test\SIGEBI.Application.Test.csproj", "{37E19A18-3D42-46CF-87C2-02835E36779A}"
EndProject
Project("{FAE04EC0-301F-11D3-BF4B-00C04F79EFBC}") = "SIGEBI.Persistence.Test", "Test\SIGEBI.Persistence.Test\SIGEBI.Persistence.Test.csproj", "{11A44009-3C5E-497A-B73A-6823A6D9EB66}"
EndProject
Project("{2150E333-8FDC-42A3-9474-1A3956D46DE8}") = "Web", "Web", "{D5449E63-9B4D-4BC4-BF73-AC6AAE69D4C7}"
EndProject
Project("{FAE04EC0-301F-11D3-BF4B-00C04F79EFBC}") = "SIGEBI.Web", "Web\SIGEBI.Web\SIGEBI.Web.csproj", "{3BA6B459-76A8-4DC6-BB5D-A11C0A800DE8}"
EndProject
Global
	GlobalSection(SolutionConfigurationPlatforms) = preSolution
		Debug|Any CPU = Debug|Any CPU
		Release|Any CPU = Release|Any CPU
	EndGlobalSection
	GlobalSection(SolutionProperties) = preSolution
		HideSolutionNode = FALSE
	EndGlobalSection
	GlobalSection(ProjectConfigurationPlatforms) = postSolution
		{3EC1EEBA-5302-43BC-B6D2-89C8921F047D}.Debug|Any CPU.ActiveCfg = Debug|Any CPU
		{3EC1EEBA-5302-43BC-B6D2-89C8921F047D}.Debug|Any CPU.Build.0 = Debug|Any CPU
		{3EC1EEBA-5302-43BC-B6D2-89C8921F047D}.Release|Any CPU.ActiveCfg = Release|Any CPU
		{3EC1EEBA-5302-43BC-B6D2-89C8921F047D}.Release|Any CPU.Build.0 = Release|Any CPU
		{6711C7B2-037F-4BCD-A074-9168142608EB}.Debug|Any CPU.ActiveCfg = Debug|Any CPU
		{6711C7B2-037F-4BCD-A074-9168142608EB}.Debug|Any CPU.Build.0 = Debug|Any CPU
		{6711C7B2-037F-4BCD-A074-9168142608EB}.Release|Any CPU.ActiveCfg = Release|Any CPU
		{6711C7B2-037F-4BCD-A074-9168142608EB}.Release|Any CPU.Build.0 = Release|Any CPU
		{0E2E0808-288E-4FF5-9504-A426F5C9B33C}.Debug|Any CPU.ActiveCfg = Debug|Any CPU
		{0E2E0808-288E-4FF5-9504-A426F5C9B33C}.Debug|Any CPU.Build.0 = Debug|Any CPU
		{0E2E0808-288E-4FF5-9504-A426F5C9B33C}.Release|Any CPU.ActiveCfg = Release|Any CPU
		{0E2E0808-288E-4FF5-9504-A426F5C9B33C}.Release|Any CPU.Build.0 = Release|Any CPU
		{B3155ACD-7D51-48E0-893D-4FFFFA9EC89E}.Debug|Any CPU.ActiveCfg = Debug|Any CPU
		{B3155ACD-7D51-48E0-893D-4FFFFA9EC89E}.Debug|Any CPU.Build.0 = Debug|Any CPU
		{B3155ACD-7D51-48E0-893D-4FFFFA9EC89E}.Release|Any CPU.ActiveCfg = Release|Any CPU
		{B3155ACD-7D51-48E0-893D-4FFFFA9EC89E}.Release|Any CPU.Build.0 = Release|Any CPU
		{6B85AD35-4999-417C-91B6-17421BCA1C0F}.Debug|Any CPU.ActiveCfg = Debug|Any CPU
		{6B85AD35-4999-417C-91B6-17421BCA1C0F}.Debug|Any CPU.Build.0 = Debug|Any CPU
		{6B85AD35-4999-417C-91B6-17421BCA1C0F}.Release|Any CPU.ActiveCfg = Release|Any CPU
		{6B85AD35-4999-417C-91B6-17421BCA1C0F}.Release|Any CPU.Build.0 = Release|Any CPU
		{1B1E8E80-BFFC-4ED1-BE9E-C329145587FA}.Debug|Any CPU.ActiveCfg = Debug|Any CPU
		{1B1E8E80-BFFC-4ED1-BE9E-C329145587FA}.Debug|Any CPU.Build.0 = Debug|Any CPU
		{1B1E8E80-BFFC-4ED1-BE9E-C329145587FA}.Release|Any CPU.ActiveCfg = Release|Any CPU
		{1B1E8E80-BFFC-4ED1-BE9E-C329145587FA}.Release|Any CPU.Build.0 = Release|Any CPU
		{CA0F6EA9-CCC0-4C13-A91C-4050F25A3B7C}.Debug|Any CPU.ActiveCfg = Debug|Any CPU
		{CA0F6EA9-CCC0-4C13-A91C-4050F25A3B7C}.Debug|Any CPU.Build.0 = Debug|Any CPU
		{CA0F6EA9-CCC0-4C13-A91C-4050F25A3B7C}.Release|Any CPU.ActiveCfg = Release|Any CPU
		{CA0F6EA9-CCC0-4C13-A91C-4050F25A3B7C}.Release|Any CPU.Build.0 = Release|Any CPU
		{37E19A18-3D42-46CF-87C2-02835E36779A}.Debug|Any CPU.ActiveCfg = Debug|Any CPU
		{37E19A18-3D42-46CF-87C2-02835E36779A}.Debug|Any CPU.Build.0 = Debug|Any CPU
		{37E19A18-3D42-46CF-87C2-02835E36779A}.Release|Any CPU.ActiveCfg = Release|Any CPU
		{37E19A18-3D42-46CF-87C2-02835E36779A}.Release|Any CPU.Build.0 = Release|Any CPU
		{11A44009-3C5E-497A-B73A-6823A6D9EB66}.Debug|Any CPU.ActiveCfg = Debug|Any CPU
		{11A44009-3C5E-497A-B73A-6823A6D9EB66}.Debug|Any CPU.Build.0 = Debug|Any CPU
		{11A44009-3C5E-497A-B73A-6823A6D9EB66}.Release|Any CPU.ActiveCfg = Release|Any CPU
		{11A44009-3C5E-497A-B73A-6823A6D9EB66}.Release|Any CPU.Build.0 = Release|Any CPU
		{3BA6B459-76A8-4DC6-BB5D-A11C0A800DE8}.Debug|Any CPU.ActiveCfg = Debug|Any CPU
		{3BA6B459-76A8-4DC6-BB5D-A11C0A800DE8}.Debug|Any CPU.Build.0 = Debug|Any CPU
		{3BA6B459-76A8-4DC6-BB5D-A11C0A800DE8}.Release|Any CPU.ActiveCfg = Release|Any CPU
		{3BA6B459-76A8-4DC6-BB5D-A11C0A800DE8}.Release|Any CPU.Build.0 = Release|Any CPU
	EndGlobalSection
	GlobalSection(NestedProjects) = preSolution
		{3EC1EEBA-5302-43BC-B6D2-89C8921F047D} = {177F004A-E247-4C1A-85B4-77F0F1104171}
		{6711C7B2-037F-4BCD-A074-9168142608EB} = {728D143B-8907-4723-9A37-9D87312279AD}
		{0E2E0808-288E-4FF5-9504-A426F5C9B33C} = {3ED6BD93-CDBD-4E80-9A75-2ACAD400FE6B}
		{B3155ACD-7D51-48E0-893D-4FFFFA9EC89E} = {3ED6BD93-CDBD-4E80-9A75-2ACAD400FE6B}
		{6B85AD35-4999-417C-91B6-17421BCA1C0F} = {0C94967B-AB1E-4F4A-A75D-B8B192C80E5A}
		{1B1E8E80-BFFC-4ED1-BE9E-C329145587FA} = {0C94967B-AB1E-4F4A-A75D-B8B192C80E5A}
		{CA0F6EA9-CCC0-4C13-A91C-4050F25A3B7C} = {48BAF60C-87A7-453F-8AEA-A8F03E21A4F6}
		{37E19A18-3D42-46CF-87C2-02835E36779A} = {9FABB6AC-537B-4D6F-A748-B325BB9549AE}
		{11A44009-3C5E-497A-B73A-6823A6D9EB66} = {9FABB6AC-537B-4D6F-A748-B325BB9549AE}
		{3BA6B459-76A8-4DC6-BB5D-A11C0A800DE8} = {D5449E63-9B4D-4BC4-BF73-AC6AAE69D4C7}
	EndGlobalSection
EndGlobal
